
Microsoft Visual Studio Solution File, Format Version 12.00
# Visual Studio Version 17
VisualStudioVersion = 17.4.33213.308
MinimumVisualStudioVersion = 10.0.40219.1
Project("{9A19103F-16F7-4668-BE54-9A1E7A4F7556}") = "Domain", "src\couperfect-server\Domain\Domain.csproj", "{D058E2C4-94D6-4C8C-87CF-D930C3C3C956}"
EndProject
Project("{2150E333-8FDC-42A3-9474-1A3956D46DE8}") = "SolutionItems", "SolutionItems", "{9006BDE5-EB7A-4C59-84FB-4558C68343BB}"
	ProjectSection(SolutionItems) = preProject
		.gitignore = .gitignore
		README.md = README.md
	EndProjectSection
EndProject
Project("{9A19103F-16F7-4668-BE54-9A1E7A4F7556}") = "WebApp", "src\couperfect-server\WebApp\WebApp.csproj", "{F66863B0-23B5-447E-B648-F89DD048AA88}"
EndProject
Project("{9A19103F-16F7-4668-BE54-9A1E7A4F7556}") = "Infrastructure", "src\couperfect-server\Infrastructure\Infrastructure.csproj", "{BA57D398-CD7D-4673-9810-7A943A469A33}"
EndProject
Project("{FAE04EC0-301F-11D3-BF4B-00C04F79EFBC}") = "Application", "src\couperfect-server\Application\Application.csproj", "{F5B526F8-E0AB-4776-A226-4120E586F0AC}"
EndProject
Global
	GlobalSection(SolutionConfigurationPlatforms) = preSolution
		Debug|Any CPU = Debug|Any CPU
		Release|Any CPU = Release|Any CPU
	EndGlobalSection
	GlobalSection(ProjectConfigurationPlatforms) = postSolution
		{D058E2C4-94D6-4C8C-87CF-D930C3C3C956}.Debug|Any CPU.ActiveCfg = Debug|Any CPU
		{D058E2C4-94D6-4C8C-87CF-D930C3C3C956}.Debug|Any CPU.Build.0 = Debug|Any CPU
		{D058E2C4-94D6-4C8C-87CF-D930C3C3C956}.Release|Any CPU.ActiveCfg = Release|Any CPU
		{D058E2C4-94D6-4C8C-87CF-D930C3C3C956}.Release|Any CPU.Build.0 = Release|Any CPU
		{F66863B0-23B5-447E-B648-F89DD048AA88}.Debug|Any CPU.ActiveCfg = Debug|Any CPU
		{F66863B0-23B5-447E-B648-F89DD048AA88}.Debug|Any CPU.Build.0 = Debug|Any CPU
		{F66863B0-23B5-447E-B648-F89DD048AA88}.Release|Any CPU.ActiveCfg = Release|Any CPU
		{F66863B0-23B5-447E-B648-F89DD048AA88}.Release|Any CPU.Build.0 = Release|Any CPU
		{BA57D398-CD7D-4673-9810-7A943A469A33}.Debug|Any CPU.ActiveCfg = Debug|Any CPU
		{BA57D398-CD7D-4673-9810-7A943A469A33}.Debug|Any CPU.Build.0 = Debug|Any CPU
		{BA57D398-CD7D-4673-9810-7A943A469A33}.Release|Any CPU.ActiveCfg = Release|Any CPU
		{BA57D398-CD7D-4673-9810-7A943A469A33}.Release|Any CPU.Build.0 = Release|Any CPU
		{F5B526F8-E0AB-4776-A226-4120E586F0AC}.Debug|Any CPU.ActiveCfg = Debug|Any CPU
		{F5B526F8-E0AB-4776-A226-4120E586F0AC}.Debug|Any CPU.Build.0 = Debug|Any CPU
		{F5B526F8-E0AB-4776-A226-4120E586F0AC}.Release|Any CPU.ActiveCfg = Release|Any CPU
		{F5B526F8-E0AB-4776-A226-4120E586F0AC}.Release|Any CPU.Build.0 = Release|Any CPU
	EndGlobalSection
	GlobalSection(SolutionProperties) = preSolution
		HideSolutionNode = FALSE
	EndGlobalSection
	GlobalSection(ExtensibilityGlobals) = postSolution
		SolutionGuid = {9F0BFBFD-76F5-4E01-B4D8-7C2179CCD285}
	EndGlobalSection
EndGlobal
